
Microsoft Visual Studio Solution File, Format Version 12.00
# Visual Studio Version 17
VisualStudioVersion = 17.2.32630.192
MinimumVisualStudioVersion = 10.0.40219.1
Project("{9A19103F-16F7-4668-BE54-9A1E7A4F7556}") = "Host", "Host_Service\Host.csproj", "{690BED6B-FEDA-44AE-8083-C533FB524C9C}"
EndProject
Project("{930C7802-8A8C-48F9-8165-68863BCCD9DD}") = "Installer", "Installer\Installer.wixproj", "{5364F854-0452-4B7C-8A46-534D8F45D52F}"
EndProject
Global
	GlobalSection(SolutionConfigurationPlatforms) = preSolution
		Debug|Any CPU = Debug|Any CPU
		Debug|x86 = Debug|x86
		Release|Any CPU = Release|Any CPU
		Release|x86 = Release|x86
	EndGlobalSection
	GlobalSection(ProjectConfigurationPlatforms) = postSolution
		{690BED6B-FEDA-44AE-8083-C533FB524C9C}.Debug|Any CPU.ActiveCfg = Debug|Any CPU
		{690BED6B-FEDA-44AE-8083-C533FB524C9C}.Debug|Any CPU.Build.0 = Debug|Any CPU
		{690BED6B-FEDA-44AE-8083-C533FB524C9C}.Debug|x86.ActiveCfg = Debug|Any CPU
		{690BED6B-FEDA-44AE-8083-C533FB524C9C}.Debug|x86.Build.0 = Debug|Any CPU
		{690BED6B-FEDA-44AE-8083-C533FB524C9C}.Release|Any CPU.ActiveCfg = Release|Any CPU
		{690BED6B-FEDA-44AE-8083-C533FB524C9C}.Release|Any CPU.Build.0 = Release|Any CPU
		{690BED6B-FEDA-44AE-8083-C533FB524C9C}.Release|x86.ActiveCfg = Release|Any CPU
		{690BED6B-FEDA-44AE-8083-C533FB524C9C}.Release|x86.Build.0 = Release|Any CPU
		{5364F854-0452-4B7C-8A46-534D8F45D52F}.Debug|Any CPU.ActiveCfg = Debug|x86
		{5364F854-0452-4B7C-8A46-534D8F45D52F}.Debug|Any CPU.Build.0 = Debug|x86
		{5364F854-0452-4B7C-8A46-534D8F45D52F}.Debug|x86.ActiveCfg = Debug|x86
		{5364F854-0452-4B7C-8A46-534D8F45D52F}.Debug|x86.Build.0 = Debug|x86
		{5364F854-0452-4B7C-8A46-534D8F45D52F}.Release|Any CPU.ActiveCfg = Release|x86
		{5364F854-0452-4B7C-8A46-534D8F45D52F}.Release|Any CPU.Build.0 = Release|x86
		{5364F854-0452-4B7C-8A46-534D8F45D52F}.Release|x86.ActiveCfg = Release|x86
		{5364F854-0452-4B7C-8A46-534D8F45D52F}.Release|x86.Build.0 = Release|x86
	EndGlobalSection
	GlobalSection(SolutionProperties) = preSolution
		HideSolutionNode = FALSE
	EndGlobalSection
	GlobalSection(ExtensibilityGlobals) = postSolution
		SolutionGuid = {AB19D7FC-9878-4185-9AE5-7C27F3EEF0CD}
	EndGlobalSection
EndGlobal
